{
  "name": "tests",
  "lockfileVersion": 2,
  "requires": true,
  "packages": {
    "": {
      "dependencies": {
        "catodb": "file:../client"
      }
    },
    "../client": {
      "version": "1.0.0",
      "license": "ISC",
      "dependencies": {
        "ws": "^8.5.0"
      },
      "devDependencies": {}
    },
    "node_modules/catodb": {
      "resolved": "../client",
      "link": true
    }
  },
  "dependencies": {
    "catodb": {
      "version": "file:../client",
      "requires": {
        "ws": "^8.5.0"
      }
    }
  }
}
